{
  "name": "noah",
  "version": "1.0.0",
  "lockfileVersion": 3,
  "requires": true,
  "packages": {
    "": {
      "name": "noah",
      "version": "1.0.0",
      "license": "ISC",
      "dependencies": {
        "hono": "^4.6.19"
      }
    },
    "node_modules/hono": {
      "version": "4.6.19",
      "resolved": "https://registry.npmjs.org/hono/-/hono-4.6.19.tgz",
      "integrity": "sha512-Xw5DwU2cewEsQ1DkDCdy6aBJkEBARl5loovoL1gL3/gw81RdaPbXrNJYp3LoQpzpJ7ECC/1OFi/vn3UZTLHFEw==",
      "engines": {
        "node": ">=16.9.0"
      }
    }
  }
}
